
Microsoft Visual Studio Solution File, Format Version 12.00
# Visual Studio Version 17
VisualStudioVersion = 17.8.34316.72
MinimumVisualStudioVersion = 10.0.40219.1
Project("{9A19103F-16F7-4668-BE54-9A1E7A4F7556}") = "SistemaMagerit", "SistemaMagerit.csproj", "{5A174D4C-12A3-4ABF-9679-EE2DEB6CF07E}"
EndProject
Global
	GlobalSection(SolutionConfigurationPlatforms) = preSolution
		Debug|Any CPU = Debug|Any CPU
		Release|Any CPU = Release|Any CPU
	EndGlobalSection
	GlobalSection(ProjectConfigurationPlatforms) = postSolution
		{5A174D4C-12A3-4ABF-9679-EE2DEB6CF07E}.Debug|Any CPU.ActiveCfg = Debug|Any CPU
		{5A174D4C-12A3-4ABF-9679-EE2DEB6CF07E}.Debug|Any CPU.Build.0 = Debug|Any CPU
		{5A174D4C-12A3-4ABF-9679-EE2DEB6CF07E}.Release|Any CPU.ActiveCfg = Release|Any CPU
		{5A174D4C-12A3-4ABF-9679-EE2DEB6CF07E}.Release|Any CPU.Build.0 = Release|Any CPU
	EndGlobalSection
	GlobalSection(SolutionProperties) = preSolution
		HideSolutionNode = FALSE
	EndGlobalSection
	GlobalSection(ExtensibilityGlobals) = postSolution
		SolutionGuid = {4D2EA932-CE9E-4585-AAF1-A7C3B1F461F8}
	EndGlobalSection
EndGlobal
